// !$*UTF8*$!
{
	archiveVersion = 1;
	classes = {
	};
	objectVersion = 56;
	objects = {

/* Begin PBXBuildFile section */
		7E1DF6742B7AD046003A8C7F /* TravelHelperApp.swift in Sources */ = {isa = PBXBuildFile; fileRef = 7E1DF6732B7AD046003A8C7F /* TravelHelperApp.swift */; };
		7E1DF6762B7AD046003A8C7F /* ContentView.swift in Sources */ = {isa = PBXBuildFile; fileRef = 7E1DF6752B7AD046003A8C7F /* ContentView.swift */; };
		7E1DF6782B7AD046003A8C7F /* Item.swift in Sources */ = {isa = PBXBuildFile; fileRef = 7E1DF6772B7AD046003A8C7F /* Item.swift */; };
		7E1DF67A2B7AD048003A8C7F /* Assets.xcassets in Resources */ = {isa = PBXBuildFile; fileRef = 7E1DF6792B7AD048003A8C7F /* Assets.xcassets */; };
		7E1DF67D2B7AD048003A8C7F /* Preview Assets.xcassets in Resources */ = {isa = PBXBuildFile; fileRef = 7E1DF67C2B7AD048003A8C7F /* Preview Assets.xcassets */; };
		7E1DF6872B7AD048003A8C7F /* TravelHelperTests.swift in Sources */ = {isa = PBXBuildFile; fileRef = 7E1DF6862B7AD048003A8C7F /* TravelHelperTests.swift */; };
		7E1DF6912B7AD048003A8C7F /* TravelHelperUITests.swift in Sources */ = {isa = PBXBuildFile; fileRef = 7E1DF6902B7AD048003A8C7F /* TravelHelperUITests.swift */; };
		7E1DF6932B7AD048003A8C7F /* TravelHelperUITestsLaunchTests.swift in Sources */ = {isa = PBXBuildFile; fileRef = 7E1DF6922B7AD048003A8C7F /* TravelHelperUITestsLaunchTests.swift */; };
/* End PBXBuildFile section */

/* Begin PBXContainerItemProxy section */
		7E1DF6832B7AD048003A8C7F /* PBXContainerItemProxy */ = {
			isa = PBXContainerItemProxy;
			containerPortal = 7E1DF6682B7AD046003A8C7F /* Project object */;
			proxyType = 1;
			remoteGlobalIDString = 7E1DF66F2B7AD046003A8C7F;
			remoteInfo = TravelHelper;
		};
		7E1DF68D2B7AD048003A8C7F /* PBXContainerItemProxy */ = {
			isa = PBXContainerItemProxy;
			containerPortal = 7E1DF6682B7AD046003A8C7F /* Project object */;
			proxyType = 1;
			remoteGlobalIDString = 7E1DF66F2B7AD046003A8C7F;
			remoteInfo = TravelHelper;
		};
/* End PBXContainerItemProxy section */

/* Begin PBXFileReference section */
		7E1DF6702B7AD046003A8C7F /* TravelHelper.app */ = {isa = PBXFileReference; explicitFileType = wrapper.application; includeInIndex = 0; path = TravelHelper.app; sourceTree = BUILT_PRODUCTS_DIR; };
		7E1DF6732B7AD046003A8C7F /* TravelHelperApp.swift */ = {isa = PBXFileReference; lastKnownFileType = sourcecode.swift; path = TravelHelperApp.swift; sourceTree = "<group>"; };
		7E1DF6752B7AD046003A8C7F /* ContentView.swift */ = {isa = PBXFileReference; lastKnownFileType = sourcecode.swift; path = ContentView.swift; sourceTree = "<group>"; };
		7E1DF6772B7AD046003A8C7F /* Item.swift */ = {isa = PBXFileReference; lastKnownFileType = sourcecode.swift; path = Item.swift; sourceTree = "<group>"; };
		7E1DF6792B7AD048003A8C7F /* Assets.xcassets */ = {isa = PBXFileReference; lastKnownFileType = folder.assetcatalog; path = Assets.xcassets; sourceTree = "<group>"; };
		7E1DF67C2B7AD048003A8C7F /* Preview Assets.xcassets */ = {isa = PBXFileReference; lastKnownFileType = folder.assetcatalog; path = "Preview Assets.xcassets"; sourceTree = "<group>"; };
		7E1DF6822B7AD048003A8C7F /* TravelHelperTests.xctest */ = {isa = PBXFileReference; explicitFileType = wrapper.cfbundle; includeInIndex = 0; path = TravelHelperTests.xctest; sourceTree = BUILT_PRODUCTS_DIR; };
		7E1DF6862B7AD048003A8C7F /* TravelHelperTests.swift */ = {isa = PBXFileReference; lastKnownFileType = sourcecode.swift; path = TravelHelperTests.swift; sourceTree = "<group>"; };
		7E1DF68C2B7AD048003A8C7F /* TravelHelperUITests.xctest */ = {isa = PBXFileReference; explicitFileType = wrapper.cfbundle; includeInIndex = 0; path = TravelHelperUITests.xctest; sourceTree = BUILT_PRODUCTS_DIR; };
		7E1DF6902B7AD048003A8C7F /* TravelHelperUITests.swift */ = {isa = PBXFileReference; lastKnownFileType = sourcecode.swift; path = TravelHelperUITests.swift; sourceTree = "<group>"; };
		7E1DF6922B7AD048003A8C7F /* TravelHelperUITestsLaunchTests.swift */ = {isa = PBXFileReference; lastKnownFileType = sourcecode.swift; path = TravelHelperUITestsLaunchTests.swift; sourceTree = "<group>"; };
/* End PBXFileReference section */

/* Begin PBXFrameworksBuildPhase section */
		7E1DF66D2B7AD046003A8C7F /* Frameworks */ = {
			isa = PBXFrameworksBuildPhase;
			buildActionMask = 2147483647;
			files = (
			);
			runOnlyForDeploymentPostprocessing = 0;
		};
		7E1DF67F2B7AD048003A8C7F /* Frameworks */ = {
			isa = PBXFrameworksBuildPhase;
			buildActionMask = 2147483647;
			files = (
			);
			runOnlyForDeploymentPostprocessing = 0;
		};
		7E1DF6892B7AD048003A8C7F /* Frameworks */ = {
			isa = PBXFrameworksBuildPhase;
			buildActionMask = 2147483647;
			files = (
			);
			runOnlyForDeploymentPostprocessing = 0;
		};
/* End PBXFrameworksBuildPhase section */

/* Begin PBXGroup section */
		7E1DF6672B7AD046003A8C7F = {
			isa = PBXGroup;
			children = (
				7E1DF6722B7AD046003A8C7F /* TravelHelper */,
				7E1DF6852B7AD048003A8C7F /* TravelHelperTests */,
				7E1DF68F2B7AD048003A8C7F /* TravelHelperUITests */,
				7E1DF6712B7AD046003A8C7F /* Products */,
			);
			sourceTree = "<group>";
		};
		7E1DF6712B7AD046003A8C7F /* Products */ = {
			isa = PBXGroup;
			children = (
				7E1DF6702B7AD046003A8C7F /* TravelHelper.app */,
				7E1DF6822B7AD048003A8C7F /* TravelHelperTests.xctest */,
				7E1DF68C2B7AD048003A8C7F /* TravelHelperUITests.xctest */,
			);
			name = Products;
			sourceTree = "<group>";
		};
		7E1DF6722B7AD046003A8C7F /* TravelHelper */ = {
			isa = PBXGroup;
			children = (
				7E1DF6732B7AD046003A8C7F /* TravelHelperApp.swift */,
				7E1DF6752B7AD046003A8C7F /* ContentView.swift */,
				7E1DF6772B7AD046003A8C7F /* Item.swift */,
				7E1DF6792B7AD048003A8C7F /* Assets.xcassets */,
				7E1DF67B2B7AD048003A8C7F /* Preview Content */,
			);
			path = TravelHelper;
			sourceTree = "<group>";
		};
		7E1DF67B2B7AD048003A8C7F /* Preview Content */ = {
			isa = PBXGroup;
			children = (
				7E1DF67C2B7AD048003A8C7F /* Preview Assets.xcassets */,
			);
			path = "Preview Content";
			sourceTree = "<group>";
		};
		7E1DF6852B7AD048003A8C7F /* TravelHelperTests */ = {
			isa = PBXGroup;
			children = (
				7E1DF6862B7AD048003A8C7F /* TravelHelperTests.swift */,
			);
			path = TravelHelperTests;
			sourceTree = "<group>";
		};
		7E1DF68F2B7AD048003A8C7F /* TravelHelperUITests */ = {
			isa = PBXGroup;
			children = (
				7E1DF6902B7AD048003A8C7F /* TravelHelperUITests.swift */,
				7E1DF6922B7AD048003A8C7F /* TravelHelperUITestsLaunchTests.swift */,
			);
			path = TravelHelperUITests;
			sourceTree = "<group>";
		};
/* End PBXGroup section */

/* Begin PBXNativeTarget section */
		7E1DF66F2B7AD046003A8C7F /* TravelHelper */ = {
			isa = PBXNativeTarget;
			buildConfigurationList = 7E1DF6962B7AD048003A8C7F /* Build configuration list for PBXNativeTarget "TravelHelper" */;
			buildPhases = (
				7E1DF66C2B7AD046003A8C7F /* Sources */,
				7E1DF66D2B7AD046003A8C7F /* Frameworks */,
				7E1DF66E2B7AD046003A8C7F /* Resources */,
			);
			buildRules = (
			);
			dependencies = (
			);
			name = TravelHelper;
			productName = TravelHelper;
			productReference = 7E1DF6702B7AD046003A8C7F /* TravelHelper.app */;
			productType = "com.apple.product-type.application";
		};
		7E1DF6812B7AD048003A8C7F /* TravelHelperTests */ = {
			isa = PBXNativeTarget;
			buildConfigurationList = 7E1DF6992B7AD048003A8C7F /* Build configuration list for PBXNativeTarget "TravelHelperTests" */;
			buildPhases = (
				7E1DF67E2B7AD048003A8C7F /* Sources */,
				7E1DF67F2B7AD048003A8C7F /* Frameworks */,
				7E1DF6802B7AD048003A8C7F /* Resources */,
			);
			buildRules = (
			);
			dependencies = (
				7E1DF6842B7AD048003A8C7F /* PBXTargetDependency */,
			);
			name = TravelHelperTests;
			productName = TravelHelperTests;
			productReference = 7E1DF6822B7AD048003A8C7F /* TravelHelperTests.xctest */;
			productType = "com.apple.product-type.bundle.unit-test";
		};
		7E1DF68B2B7AD048003A8C7F /* TravelHelperUITests */ = {
			isa = PBXNativeTarget;
			buildConfigurationList = 7E1DF69C2B7AD048003A8C7F /* Build configuration list for PBXNativeTarget "TravelHelperUITests" */;
			buildPhases = (
				7E1DF6882B7AD048003A8C7F /* Sources */,
				7E1DF6892B7AD048003A8C7F /* Frameworks */,
				7E1DF68A2B7AD048003A8C7F /* Resources */,
			);
			buildRules = (
			);
			dependencies = (
				7E1DF68E2B7AD048003A8C7F /* PBXTargetDependency */,
			);
			name = TravelHelperUITests;
			productName = TravelHelperUITests;
			productReference = 7E1DF68C2B7AD048003A8C7F /* TravelHelperUITests.xctest */;
			productType = "com.apple.product-type.bundle.ui-testing";
		};
/* End PBXNativeTarget section */

/* Begin PBXProject section */
		7E1DF6682B7AD046003A8C7F /* Project object */ = {
			isa = PBXProject;
			attributes = {
				BuildIndependentTargetsInParallel = 1;
				LastSwiftUpdateCheck = 1520;
				LastUpgradeCheck = 1520;
				TargetAttributes = {
					7E1DF66F2B7AD046003A8C7F = {
						CreatedOnToolsVersion = 15.2;
					};
					7E1DF6812B7AD048003A8C7F = {
						CreatedOnToolsVersion = 15.2;
						TestTargetID = 7E1DF66F2B7AD046003A8C7F;
					};
					7E1DF68B2B7AD048003A8C7F = {
						CreatedOnToolsVersion = 15.2;
						TestTargetID = 7E1DF66F2B7AD046003A8C7F;
					};
				};
			};
			buildConfigurationList = 7E1DF66B2B7AD046003A8C7F /* Build configuration list for PBXProject "TravelHelper" */;
			compatibilityVersion = "Xcode 14.0";
			developmentRegion = en;
			hasScannedForEncodings = 0;
			knownRegions = (
				en,
				Base,
			);
			mainGroup = 7E1DF6672B7AD046003A8C7F;
			productRefGroup = 7E1DF6712B7AD046003A8C7F /* Products */;
			projectDirPath = "";
			projectRoot = "";
			targets = (
				7E1DF66F2B7AD046003A8C7F /* TravelHelper */,
				7E1DF6812B7AD048003A8C7F /* TravelHelperTests */,
				7E1DF68B2B7AD048003A8C7F /* TravelHelperUITests */,
			);
		};
/* End PBXProject section */

/* Begin PBXResourcesBuildPhase section */
		7E1DF66E2B7AD046003A8C7F /* Resources */ = {
			isa = PBXResourcesBuildPhase;
			buildActionMask = 2147483647;
			files = (
				7E1DF67D2B7AD048003A8C7F /* Preview Assets.xcassets in Resources */,
				7E1DF67A2B7AD048003A8C7F /* Assets.xcassets in Resources */,
			);
			runOnlyForDeploymentPostprocessing = 0;
		};
		7E1DF6802B7AD048003A8C7F /* Resources */ = {
			isa = PBXResourcesBuildPhase;
			buildActionMask = 2147483647;
			files = (
			);
			runOnlyForDeploymentPostprocessing = 0;
		};
		7E1DF68A2B7AD048003A8C7F /* Resources */ = {
			isa = PBXResourcesBuildPhase;
			buildActionMask = 2147483647;
			files = (
			);
			runOnlyForDeploymentPostprocessing = 0;
		};
/* End PBXResourcesBuildPhase section */

/* Begin PBXSourcesBuildPhase section */
		7E1DF66C2B7AD046003A8C7F /* Sources */ = {
			isa = PBXSourcesBuildPhase;
			buildActionMask = 2147483647;
			files = (
				7E1DF6762B7AD046003A8C7F /* ContentView.swift in Sources */,
				7E1DF6782B7AD046003A8C7F /* Item.swift in Sources */,
				7E1DF6742B7AD046003A8C7F /* TravelHelperApp.swift in Sources */,
			);
			runOnlyForDeploymentPostprocessing = 0;
		};
		7E1DF67E2B7AD048003A8C7F /* Sources */ = {
			isa = PBXSourcesBuildPhase;
			buildActionMask = 2147483647;
			files = (
				7E1DF6872B7AD048003A8C7F /* TravelHelperTests.swift in Sources */,
			);
			runOnlyForDeploymentPostprocessing = 0;
		};
		7E1DF6882B7AD048003A8C7F /* Sources */ = {
			isa = PBXSourcesBuildPhase;
			buildActionMask = 2147483647;
			files = (
				7E1DF6932B7AD048003A8C7F /* TravelHelperUITestsLaunchTests.swift in Sources */,
				7E1DF6912B7AD048003A8C7F /* TravelHelperUITests.swift in Sources */,
			);
			runOnlyForDeploymentPostprocessing = 0;
		};
/* End PBXSourcesBuildPhase section */

/* Begin PBXTargetDependency section */
		7E1DF6842B7AD048003A8C7F /* PBXTargetDependency */ = {
			isa = PBXTargetDependency;
			target = 7E1DF66F2B7AD046003A8C7F /* TravelHelper */;
			targetProxy = 7E1DF6832B7AD048003A8C7F /* PBXContainerItemProxy */;
		};
		7E1DF68E2B7AD048003A8C7F /* PBXTargetDependency */ = {
			isa = PBXTargetDependency;
			target = 7E1DF66F2B7AD046003A8C7F /* TravelHelper */;
			targetProxy = 7E1DF68D2B7AD048003A8C7F /* PBXContainerItemProxy */;
		};
/* End PBXTargetDependency section */

/* Begin XCBuildConfiguration section */
		7E1DF6942B7AD048003A8C7F /* Debug */ = {
			isa = XCBuildConfiguration;
			buildSettings = {
				ALWAYS_SEARCH_USER_PATHS = NO;
				ASSETCATALOG_COMPILER_GENERATE_SWIFT_ASSET_SYMBOL_EXTENSIONS = YES;
				CLANG_ANALYZER_NONNULL = YES;
				CLANG_ANALYZER_NUMBER_OBJECT_CONVERSION = YES_AGGRESSIVE;
				CLANG_CXX_LANGUAGE_STANDARD = "gnu++20";
				CLANG_ENABLE_MODULES = YES;
				CLANG_ENABLE_OBJC_ARC = YES;
				CLANG_ENABLE_OBJC_WEAK = YES;
				CLANG_WARN_BLOCK_CAPTURE_AUTORELEASING = YES;
				CLANG_WARN_BOOL_CONVERSION = YES;
				CLANG_WARN_COMMA = YES;
				CLANG_WARN_CONSTANT_CONVERSION = YES;
				CLANG_WARN_DEPRECATED_OBJC_IMPLEMENTATIONS = YES;
				CLANG_WARN_DIRECT_OBJC_ISA_USAGE = YES_ERROR;
				CLANG_WARN_DOCUMENTATION_COMMENTS = YES;
				CLANG_WARN_EMPTY_BODY = YES;
				CLANG_WARN_ENUM_CONVERSION = YES;
				CLANG_WARN_INFINITE_RECURSION = YES;
				CLANG_WARN_INT_CONVERSION = YES;
				CLANG_WARN_NON_LITERAL_NULL_CONVERSION = YES;
				CLANG_WARN_OBJC_IMPLICIT_RETAIN_SELF = YES;
				CLANG_WARN_OBJC_LITERAL_CONVERSION = YES;
				CLANG_WARN_OBJC_ROOT_CLASS = YES_ERROR;
				CLANG_WARN_QUOTED_INCLUDE_IN_FRAMEWORK_HEADER = YES;
				CLANG_WARN_RANGE_LOOP_ANALYSIS = YES;
				CLANG_WARN_STRICT_PROTOTYPES = YES;
				CLANG_WARN_SUSPICIOUS_MOVE = YES;
				CLANG_WARN_UNGUARDED_AVAILABILITY = YES_AGGRESSIVE;
				CLANG_WARN_UNREACHABLE_CODE = YES;
				CLANG_WARN__DUPLICATE_METHOD_MATCH = YES;
				COPY_PHASE_STRIP = NO;
				DEBUG_INFORMATION_FORMAT = dwarf;
				ENABLE_STRICT_OBJC_MSGSEND = YES;
				ENABLE_TESTABILITY = YES;
				ENABLE_USER_SCRIPT_SANDBOXING = YES;
				GCC_C_LANGUAGE_STANDARD = gnu17;
				GCC_DYNAMIC_NO_PIC = NO;
				GCC_NO_COMMON_BLOCKS = YES;
				GCC_OPTIMIZATION_LEVEL = 0;
				GCC_PREPROCESSOR_DEFINITIONS = (
					"DEBUG=1",
					"$(inherited)",
				);
				GCC_WARN_64_TO_32_BIT_CONVERSION = YES;
				GCC_WARN_ABOUT_RETURN_TYPE = YES_ERROR;
				GCC_WARN_UNDECLARED_SELECTOR = YES;
				GCC_WARN_UNINITIALIZED_AUTOS = YES_AGGRESSIVE;
				GCC_WARN_UNUSED_FUNCTION = YES;
				GCC_WARN_UNUSED_VARIABLE = YES;
				IPHONEOS_DEPLOYMENT_TARGET = 17.2;
				LOCALIZATION_PREFERS_STRING_CATALOGS = YES;
				MTL_ENABLE_DEBUG_INFO = INCLUDE_SOURCE;
				MTL_FAST_MATH = YES;
				ONLY_ACTIVE_ARCH = YES;
				SDKROOT = iphoneos;
				SWIFT_ACTIVE_COMPILATION_CONDITIONS = "DEBUG $(inherited)";
				SWIFT_OPTIMIZATION_LEVEL = "-Onone";
			};
			name = Debug;
		};
		7E1DF6952B7AD048003A8C7F /* Release */ = {
			isa = XCBuildConfiguration;
			buildSettings = {
				ALWAYS_SEARCH_USER_PATHS = NO;
				ASSETCATALOG_COMPILER_GENERATE_SWIFT_ASSET_SYMBOL_EXTENSIONS = YES;
				CLANG_ANALYZER_NONNULL = YES;
				CLANG_ANALYZER_NUMBER_OBJECT_CONVERSION = YES_AGGRESSIVE;
				CLANG_CXX_LANGUAGE_STANDARD = "gnu++20";
				CLANG_ENABLE_MODULES = YES;
				CLANG_ENABLE_OBJC_ARC = YES;
				CLANG_ENABLE_OBJC_WEAK = YES;
				CLANG_WARN_BLOCK_CAPTURE_AUTORELEASING = YES;
				CLANG_WARN_BOOL_CONVERSION = YES;
				CLANG_WARN_COMMA = YES;
				CLANG_WARN_CONSTANT_CONVERSION = YES;
				CLANG_WARN_DEPRECATED_OBJC_IMPLEMENTATIONS = YES;
				CLANG_WARN_DIRECT_OBJC_ISA_USAGE = YES_ERROR;
				CLANG_WARN_DOCUMENTATION_COMMENTS = YES;
				CLANG_WARN_EMPTY_BODY = YES;
				CLANG_WARN_ENUM_CONVERSION = YES;
				CLANG_WARN_INFINITE_RECURSION = YES;
				CLANG_WARN_INT_CONVERSION = YES;
				CLANG_WARN_NON_LITERAL_NULL_CONVERSION = YES;
				CLANG_WARN_OBJC_IMPLICIT_RETAIN_SELF = YES;
				CLANG_WARN_OBJC_LITERAL_CONVERSION = YES;
				CLANG_WARN_OBJC_ROOT_CLASS = YES_ERROR;
				CLANG_WARN_QUOTED_INCLUDE_IN_FRAMEWORK_HEADER = YES;
				CLANG_WARN_RANGE_LOOP_ANALYSIS = YES;
				CLANG_WARN_STRICT_PROTOTYPES = YES;
				CLANG_WARN_SUSPICIOUS_MOVE = YES;
				CLANG_WARN_UNGUARDED_AVAILABILITY = YES_AGGRESSIVE;
				CLANG_WARN_UNREACHABLE_CODE = YES;
				CLANG_WARN__DUPLICATE_METHOD_MATCH = YES;
				COPY_PHASE_STRIP = NO;
				DEBUG_INFORMATION_FORMAT = "dwarf-with-dsym";
				ENABLE_NS_ASSERTIONS = NO;
				ENABLE_STRICT_OBJC_MSGSEND = YES;
				ENABLE_USER_SCRIPT_SANDBOXING = YES;
				GCC_C_LANGUAGE_STANDARD = gnu17;
				GCC_NO_COMMON_BLOCKS = YES;
				GCC_WARN_64_TO_32_BIT_CONVERSION = YES;
				GCC_WARN_ABOUT_RETURN_TYPE = YES_ERROR;
				GCC_WARN_UNDECLARED_SELECTOR = YES;
				GCC_WARN_UNINITIALIZED_AUTOS = YES_AGGRESSIVE;
				GCC_WARN_UNUSED_FUNCTION = YES;
				GCC_WARN_UNUSED_VARIABLE = YES;
				IPHONEOS_DEPLOYMENT_TARGET = 17.2;
				LOCALIZATION_PREFERS_STRING_CATALOGS = YES;
				MTL_ENABLE_DEBUG_INFO = NO;
				MTL_FAST_MATH = YES;
				SDKROOT = iphoneos;
				SWIFT_COMPILATION_MODE = wholemodule;
				VALIDATE_PRODUCT = YES;
			};
			name = Release;
		};
		7E1DF6972B7AD048003A8C7F /* Debug */ = {
			isa = XCBuildConfiguration;
			buildSettings = {
				ASSETCATALOG_COMPILER_APPICON_NAME = AppIcon;
				ASSETCATALOG_COMPILER_GLOBAL_ACCENT_COLOR_NAME = AccentColor;
				CODE_SIGN_STYLE = Automatic;
				CURRENT_PROJECT_VERSION = 1;
				DEVELOPMENT_ASSET_PATHS = "\"TravelHelper/Preview Content\"";
				DEVELOPMENT_TEAM = HCNJJJX8Q5;
				ENABLE_PREVIEWS = YES;
				GENERATE_INFOPLIST_FILE = YES;
				INFOPLIST_KEY_UIApplicationSceneManifest_Generation = YES;
				INFOPLIST_KEY_UIApplicationSupportsIndirectInputEvents = YES;
				INFOPLIST_KEY_UILaunchScreen_Generation = YES;
				INFOPLIST_KEY_UISupportedInterfaceOrientations_iPad = "UIInterfaceOrientationPortrait UIInterfaceOrientationPortraitUpsideDown UIInterfaceOrientationLandscapeLeft UIInterfaceOrientationLandscapeRight";
				INFOPLIST_KEY_UISupportedInterfaceOrientations_iPhone = "UIInterfaceOrientationPortrait UIInterfaceOrientationLandscapeLeft UIInterfaceOrientationLandscapeRight";
				LD_RUNPATH_SEARCH_PATHS = (
					"$(inherited)",
					"@executable_path/Frameworks",
				);
				MARKETING_VERSION = 1.0;
				PRODUCT_BUNDLE_IDENTIFIER = TravelHelperApp.TravelHelper;
				PRODUCT_NAME = "$(TARGET_NAME)";
				SWIFT_EMIT_LOC_STRINGS = YES;
				SWIFT_VERSION = 5.0;
				TARGETED_DEVICE_FAMILY = "1,2";
			};
			name = Debug;
		};
		7E1DF6982B7AD048003A8C7F /* Release */ = {
			isa = XCBuildConfiguration;
			buildSettings = {
				ASSETCATALOG_COMPILER_APPICON_NAME = AppIcon;
				ASSETCATALOG_COMPILER_GLOBAL_ACCENT_COLOR_NAME = AccentColor;
				CODE_SIGN_STYLE = Automatic;
				CURRENT_PROJECT_VERSION = 1;
				DEVELOPMENT_ASSET_PATHS = "\"TravelHelper/Preview Content\"";
				DEVELOPMENT_TEAM = HCNJJJX8Q5;
				ENABLE_PREVIEWS = YES;
				GENERATE_INFOPLIST_FILE = YES;
				INFOPLIST_KEY_UIApplicationSceneManifest_Generation = YES;
				INFOPLIST_KEY_UIApplicationSupportsIndirectInputEvents = YES;
				INFOPLIST_KEY_UILaunchScreen_Generation = YES;
				INFOPLIST_KEY_UISupportedInterfaceOrientations_iPad = "UIInterfaceOrientationPortrait UIInterfaceOrientationPortraitUpsideDown UIInterfaceOrientationLandscapeLeft UIInterfaceOrientationLandscapeRight";
				INFOPLIST_KEY_UISupportedInterfaceOrientations_iPhone = "UIInterfaceOrientationPortrait UIInterfaceOrientationLandscapeLeft UIInterfaceOrientationLandscapeRight";
				LD_RUNPATH_SEARCH_PATHS = (
					"$(inherited)",
					"@executable_path/Frameworks",
				);
				MARKETING_VERSION = 1.0;
				PRODUCT_BUNDLE_IDENTIFIER = TravelHelperApp.TravelHelper;
				PRODUCT_NAME = "$(TARGET_NAME)";
				SWIFT_EMIT_LOC_STRINGS = YES;
				SWIFT_VERSION = 5.0;
				TARGETED_DEVICE_FAMILY = "1,2";
			};
			name = Release;
		};
		7E1DF69A2B7AD048003A8C7F /* Debug */ = {
			isa = XCBuildConfiguration;
			buildSettings = {
				ALWAYS_EMBED_SWIFT_STANDARD_LIBRARIES = YES;
				BUNDLE_LOADER = "$(TEST_HOST)";
				CODE_SIGN_STYLE = Automatic;
				CURRENT_PROJECT_VERSION = 1;
				DEVELOPMENT_TEAM = HCNJJJX8Q5;
				GENERATE_INFOPLIST_FILE = YES;
				IPHONEOS_DEPLOYMENT_TARGET = 17.2;
				MARKETING_VERSION = 1.0;
				PRODUCT_BUNDLE_IDENTIFIER = TravelHelperApp.TravelHelperTests;
				PRODUCT_NAME = "$(TARGET_NAME)";
				SWIFT_EMIT_LOC_STRINGS = NO;
				SWIFT_VERSION = 5.0;
				TARGETED_DEVICE_FAMILY = "1,2";
				TEST_HOST = "$(BUILT_PRODUCTS_DIR)/TravelHelper.app/$(BUNDLE_EXECUTABLE_FOLDER_PATH)/TravelHelper";
			};
			name = Debug;
		};
		7E1DF69B2B7AD048003A8C7F /* Release */ = {
			isa = XCBuildConfiguration;
			buildSettings = {
				ALWAYS_EMBED_SWIFT_STANDARD_LIBRARIES = YES;
				BUNDLE_LOADER = "$(TEST_HOST)";
				CODE_SIGN_STYLE = Automatic;
				CURRENT_PROJECT_VERSION = 1;
				DEVELOPMENT_TEAM = HCNJJJX8Q5;
				GENERATE_INFOPLIST_FILE = YES;
				IPHONEOS_DEPLOYMENT_TARGET = 17.2;
				MARKETING_VERSION = 1.0;
				PRODUCT_BUNDLE_IDENTIFIER = TravelHelperApp.TravelHelperTests;
				PRODUCT_NAME = "$(TARGET_NAME)";
				SWIFT_EMIT_LOC_STRINGS = NO;
				SWIFT_VERSION = 5.0;
				TARGETED_DEVICE_FAMILY = "1,2";
				TEST_HOST = "$(BUILT_PRODUCTS_DIR)/TravelHelper.app/$(BUNDLE_EXECUTABLE_FOLDER_PATH)/TravelHelper";
			};
			name = Release;
		};
		7E1DF69D2B7AD048003A8C7F /* Debug */ = {
			isa = XCBuildConfiguration;
			buildSettings = {
				ALWAYS_EMBED_SWIFT_STANDARD_LIBRARIES = YES;
				CODE_SIGN_STYLE = Automatic;
				CURRENT_PROJECT_VERSION = 1;
				DEVELOPMENT_TEAM = HCNJJJX8Q5;
				GENERATE_INFOPLIST_FILE = YES;
				MARKETING_VERSION = 1.0;
				PRODUCT_BUNDLE_IDENTIFIER = TravelHelperApp.TravelHelperUITests;
				PRODUCT_NAME = "$(TARGET_NAME)";
				SWIFT_EMIT_LOC_STRINGS = NO;
				SWIFT_VERSION = 5.0;
				TARGETED_DEVICE_FAMILY = "1,2";
				TEST_TARGET_NAME = TravelHelper;
			};
			name = Debug;
		};
		7E1DF69E2B7AD048003A8C7F /* Release */ = {
			isa = XCBuildConfiguration;
			buildSettings = {
				ALWAYS_EMBED_SWIFT_STANDARD_LIBRARIES = YES;
				CODE_SIGN_STYLE = Automatic;
				CURRENT_PROJECT_VERSION = 1;
				DEVELOPMENT_TEAM = HCNJJJX8Q5;
				GENERATE_INFOPLIST_FILE = YES;
				MARKETING_VERSION = 1.0;
				PRODUCT_BUNDLE_IDENTIFIER = TravelHelperApp.TravelHelperUITests;
				PRODUCT_NAME = "$(TARGET_NAME)";
				SWIFT_EMIT_LOC_STRINGS = NO;
				SWIFT_VERSION = 5.0;
				TARGETED_DEVICE_FAMILY = "1,2";
				TEST_TARGET_NAME = TravelHelper;
			};
			name = Release;
		};
/* End XCBuildConfiguration section */

/* Begin XCConfigurationList section */
		7E1DF66B2B7AD046003A8C7F /* Build configuration list for PBXProject "TravelHelper" */ = {
			isa = XCConfigurationList;
			buildConfigurations = (
				7E1DF6942B7AD048003A8C7F /* Debug */,
				7E1DF6952B7AD048003A8C7F /* Release */,
			);
			defaultConfigurationIsVisible = 0;
			defaultConfigurationName = Release;
		};
		7E1DF6962B7AD048003A8C7F /* Build configuration list for PBXNativeTarget "TravelHelper" */ = {
			isa = XCConfigurationList;
			buildConfigurations = (
				7E1DF6972B7AD048003A8C7F /* Debug */,
				7E1DF6982B7AD048003A8C7F /* Release */,
			);
			defaultConfigurationIsVisible = 0;
			defaultConfigurationName = Release;
		};
		7E1DF6992B7AD048003A8C7F /* Build configuration list for PBXNativeTarget "TravelHelperTests" */ = {
			isa = XCConfigurationList;
			buildConfigurations = (
				7E1DF69A2B7AD048003A8C7F /* Debug */,
				7E1DF69B2B7AD048003A8C7F /* Release */,
			);
			defaultConfigurationIsVisible = 0;
			defaultConfigurationName = Release;
		};
		7E1DF69C2B7AD048003A8C7F /* Build configuration list for PBXNativeTarget "TravelHelperUITests" */ = {
			isa = XCConfigurationList;
			buildConfigurations = (
				7E1DF69D2B7AD048003A8C7F /* Debug */,
				7E1DF69E2B7AD048003A8C7F /* Release */,
			);
			defaultConfigurationIsVisible = 0;
			defaultConfigurationName = Release;
		};
/* End XCConfigurationList section */
	};
	rootObject = 7E1DF6682B7AD046003A8C7F /* Project object */;
}
